
Microsoft Visual Studio Solution File, Format Version 12.00
# Visual Studio 15
VisualStudioVersion = 15.0.28307.329
MinimumVisualStudioVersion = 10.0.40219.1
Project("{888888A0-9F3D-457C-B088-3A5042F75D52}") = "pyXLS", "pyXLS.pyproj", "{7C70FC26-5398-4FE9-A9E4-9D487571C6A2}"
EndProject
Global
	GlobalSection(SolutionConfigurationPlatforms) = preSolution
		Debug|Any CPU = Debug|Any CPU
		Release|Any CPU = Release|Any CPU
	EndGlobalSection
	GlobalSection(ProjectConfigurationPlatforms) = postSolution
		{7C70FC26-5398-4FE9-A9E4-9D487571C6A2}.Debug|Any CPU.ActiveCfg = Debug|Any CPU
		{7C70FC26-5398-4FE9-A9E4-9D487571C6A2}.Release|Any CPU.ActiveCfg = Release|Any CPU
	EndGlobalSection
	GlobalSection(SolutionProperties) = preSolution
		HideSolutionNode = FALSE
	EndGlobalSection
	GlobalSection(ExtensibilityGlobals) = postSolution
		SolutionGuid = {E3431FD6-1B69-44ED-B0D1-A6E35784E1BB}
	EndGlobalSection
EndGlobal
